
Microsoft Visual Studio Solution File, Format Version 12.00
# Visual Studio Version 17
VisualStudioVersion = 17.14.36109.1 d17.14
MinimumVisualStudioVersion = 10.0.40219.1
Project("{FAE04EC0-301F-11D3-BF4B-00C04F79EFBC}") = "UDPServerApp", "UDPServerApp.csproj", "{8DFF75C1-62DF-4A2E-93C0-A3607DA932D7}"
EndProject
Project("{FAE04EC0-301F-11D3-BF4B-00C04F79EFBC}") = "UDPClientApp", "..\UDPClientApp\UDPClientApp.csproj", "{5D1F553A-F1EF-42A3-806E-27AC1583E97A}"
EndProject
Global
	GlobalSection(SolutionConfigurationPlatforms) = preSolution
		Debug|Any CPU = Debug|Any CPU
		Release|Any CPU = Release|Any CPU
	EndGlobalSection
	GlobalSection(ProjectConfigurationPlatforms) = postSolution
		{8DFF75C1-62DF-4A2E-93C0-A3607DA932D7}.Debug|Any CPU.ActiveCfg = Debug|Any CPU
		{8DFF75C1-62DF-4A2E-93C0-A3607DA932D7}.Debug|Any CPU.Build.0 = Debug|Any CPU
		{8DFF75C1-62DF-4A2E-93C0-A3607DA932D7}.Release|Any CPU.ActiveCfg = Release|Any CPU
		{8DFF75C1-62DF-4A2E-93C0-A3607DA932D7}.Release|Any CPU.Build.0 = Release|Any CPU
		{5D1F553A-F1EF-42A3-806E-27AC1583E97A}.Debug|Any CPU.ActiveCfg = Debug|Any CPU
		{5D1F553A-F1EF-42A3-806E-27AC1583E97A}.Debug|Any CPU.Build.0 = Debug|Any CPU
		{5D1F553A-F1EF-42A3-806E-27AC1583E97A}.Release|Any CPU.ActiveCfg = Release|Any CPU
		{5D1F553A-F1EF-42A3-806E-27AC1583E97A}.Release|Any CPU.Build.0 = Release|Any CPU
	EndGlobalSection
	GlobalSection(SolutionProperties) = preSolution
		HideSolutionNode = FALSE
	EndGlobalSection
	GlobalSection(ExtensibilityGlobals) = postSolution
		SolutionGuid = {0908CEEE-3E86-4F9F-A45D-24F3DD80814E}
	EndGlobalSection
EndGlobal
