
Microsoft Visual Studio Solution File, Format Version 12.00
# Visual Studio Version 17
VisualStudioVersion = 17.14.36109.1 d17.14
MinimumVisualStudioVersion = 10.0.40219.1
Project("{FAE04EC0-301F-11D3-BF4B-00C04F79EFBC}") = "Task Demonstration-03", "Task Demonstration-03.csproj", "{935D38B6-0BCC-4853-ACFD-68ECB7EEE7FB}"
EndProject
Global
	GlobalSection(SolutionConfigurationPlatforms) = preSolution
		Debug|Any CPU = Debug|Any CPU
		Release|Any CPU = Release|Any CPU
	EndGlobalSection
	GlobalSection(ProjectConfigurationPlatforms) = postSolution
		{935D38B6-0BCC-4853-ACFD-68ECB7EEE7FB}.Debug|Any CPU.ActiveCfg = Debug|Any CPU
		{935D38B6-0BCC-4853-ACFD-68ECB7EEE7FB}.Debug|Any CPU.Build.0 = Debug|Any CPU
		{935D38B6-0BCC-4853-ACFD-68ECB7EEE7FB}.Release|Any CPU.ActiveCfg = Release|Any CPU
		{935D38B6-0BCC-4853-ACFD-68ECB7EEE7FB}.Release|Any CPU.Build.0 = Release|Any CPU
	EndGlobalSection
	GlobalSection(SolutionProperties) = preSolution
		HideSolutionNode = FALSE
	EndGlobalSection
	GlobalSection(ExtensibilityGlobals) = postSolution
		SolutionGuid = {977266BF-4D44-4342-AC7A-36B753EF60B5}
	EndGlobalSection
EndGlobal
