
Microsoft Visual Studio Solution File, Format Version 12.00
# Visual Studio Version 17
VisualStudioVersion = 17.14.36109.1 d17.14
MinimumVisualStudioVersion = 10.0.40219.1
Project("{FAE04EC0-301F-11D3-BF4B-00C04F79EFBC}") = "TaskDemonstration-02", "TaskDemonstration-02.csproj", "{810F0ACE-F39E-4960-826B-4C995654356A}"
EndProject
Global
	GlobalSection(SolutionConfigurationPlatforms) = preSolution
		Debug|Any CPU = Debug|Any CPU
		Release|Any CPU = Release|Any CPU
	EndGlobalSection
	GlobalSection(ProjectConfigurationPlatforms) = postSolution
		{810F0ACE-F39E-4960-826B-4C995654356A}.Debug|Any CPU.ActiveCfg = Debug|Any CPU
		{810F0ACE-F39E-4960-826B-4C995654356A}.Debug|Any CPU.Build.0 = Debug|Any CPU
		{810F0ACE-F39E-4960-826B-4C995654356A}.Release|Any CPU.ActiveCfg = Release|Any CPU
		{810F0ACE-F39E-4960-826B-4C995654356A}.Release|Any CPU.Build.0 = Release|Any CPU
	EndGlobalSection
	GlobalSection(SolutionProperties) = preSolution
		HideSolutionNode = FALSE
	EndGlobalSection
	GlobalSection(ExtensibilityGlobals) = postSolution
		SolutionGuid = {EBB4BF2D-CA33-42CD-A82C-9F90CBD99EB8}
	EndGlobalSection
EndGlobal
