
Microsoft Visual Studio Solution File, Format Version 12.00
# Visual Studio Version 17
VisualStudioVersion = 17.14.36109.1 d17.14
MinimumVisualStudioVersion = 10.0.40219.1
Project("{FAE04EC0-301F-11D3-BF4B-00C04F79EFBC}") = "ClientApp", "ClientApp.csproj", "{6FB09D4B-4341-4CC5-800D-334DC1CE53A9}"
EndProject
Project("{FAE04EC0-301F-11D3-BF4B-00C04F79EFBC}") = "ServerApp", "..\ServerApp\ServerApp.csproj", "{40A20F25-D283-4030-A524-89E912E7E71D}"
EndProject
Global
	GlobalSection(SolutionConfigurationPlatforms) = preSolution
		Debug|Any CPU = Debug|Any CPU
		Release|Any CPU = Release|Any CPU
	EndGlobalSection
	GlobalSection(ProjectConfigurationPlatforms) = postSolution
		{6FB09D4B-4341-4CC5-800D-334DC1CE53A9}.Debug|Any CPU.ActiveCfg = Debug|Any CPU
		{6FB09D4B-4341-4CC5-800D-334DC1CE53A9}.Debug|Any CPU.Build.0 = Debug|Any CPU
		{6FB09D4B-4341-4CC5-800D-334DC1CE53A9}.Release|Any CPU.ActiveCfg = Release|Any CPU
		{6FB09D4B-4341-4CC5-800D-334DC1CE53A9}.Release|Any CPU.Build.0 = Release|Any CPU
		{40A20F25-D283-4030-A524-89E912E7E71D}.Debug|Any CPU.ActiveCfg = Debug|Any CPU
		{40A20F25-D283-4030-A524-89E912E7E71D}.Debug|Any CPU.Build.0 = Debug|Any CPU
		{40A20F25-D283-4030-A524-89E912E7E71D}.Release|Any CPU.ActiveCfg = Release|Any CPU
		{40A20F25-D283-4030-A524-89E912E7E71D}.Release|Any CPU.Build.0 = Release|Any CPU
	EndGlobalSection
	GlobalSection(SolutionProperties) = preSolution
		HideSolutionNode = FALSE
	EndGlobalSection
	GlobalSection(ExtensibilityGlobals) = postSolution
		SolutionGuid = {0C0A0DB8-5FCF-4172-B44B-3086164D0883}
	EndGlobalSection
EndGlobal
