
Microsoft Visual Studio Solution File, Format Version 12.00
# Visual Studio Version 17
VisualStudioVersion = 17.14.36109.1 d17.14
MinimumVisualStudioVersion = 10.0.40219.1
Project("{FAE04EC0-301F-11D3-BF4B-00C04F79EFBC}") = "PLINQ Demonstration - 01", "PLINQ Demonstration - 01.csproj", "{4ED03928-1CFA-472A-AB66-F161B8AC3E09}"
EndProject
Global
	GlobalSection(SolutionConfigurationPlatforms) = preSolution
		Debug|Any CPU = Debug|Any CPU
		Release|Any CPU = Release|Any CPU
	EndGlobalSection
	GlobalSection(ProjectConfigurationPlatforms) = postSolution
		{4ED03928-1CFA-472A-AB66-F161B8AC3E09}.Debug|Any CPU.ActiveCfg = Debug|Any CPU
		{4ED03928-1CFA-472A-AB66-F161B8AC3E09}.Debug|Any CPU.Build.0 = Debug|Any CPU
		{4ED03928-1CFA-472A-AB66-F161B8AC3E09}.Release|Any CPU.ActiveCfg = Release|Any CPU
		{4ED03928-1CFA-472A-AB66-F161B8AC3E09}.Release|Any CPU.Build.0 = Release|Any CPU
	EndGlobalSection
	GlobalSection(SolutionProperties) = preSolution
		HideSolutionNode = FALSE
	EndGlobalSection
	GlobalSection(ExtensibilityGlobals) = postSolution
		SolutionGuid = {256B196A-B9C8-4C2C-B825-C92C7D1F2156}
	EndGlobalSection
EndGlobal
