
Microsoft Visual Studio Solution File, Format Version 12.00
# Visual Studio Version 17
VisualStudioVersion = 17.14.36109.1 d17.14
MinimumVisualStudioVersion = 10.0.40219.1
Project("{FAE04EC0-301F-11D3-BF4B-00C04F79EFBC}") = "PLINQ Demonstration - 02", "PLINQ Demonstration - 02.csproj", "{0749E324-2E78-450B-9E6C-FC192BA556DF}"
EndProject
Global
	GlobalSection(SolutionConfigurationPlatforms) = preSolution
		Debug|Any CPU = Debug|Any CPU
		Release|Any CPU = Release|Any CPU
	EndGlobalSection
	GlobalSection(ProjectConfigurationPlatforms) = postSolution
		{0749E324-2E78-450B-9E6C-FC192BA556DF}.Debug|Any CPU.ActiveCfg = Debug|Any CPU
		{0749E324-2E78-450B-9E6C-FC192BA556DF}.Debug|Any CPU.Build.0 = Debug|Any CPU
		{0749E324-2E78-450B-9E6C-FC192BA556DF}.Release|Any CPU.ActiveCfg = Release|Any CPU
		{0749E324-2E78-450B-9E6C-FC192BA556DF}.Release|Any CPU.Build.0 = Release|Any CPU
	EndGlobalSection
	GlobalSection(SolutionProperties) = preSolution
		HideSolutionNode = FALSE
	EndGlobalSection
	GlobalSection(ExtensibilityGlobals) = postSolution
		SolutionGuid = {909B3CD7-37DE-4023-A94D-CBF76EAAF611}
	EndGlobalSection
EndGlobal
